{
  "version": 1,
  "dependencies": {
    ".NETStandard,Version=v2.0": {
      "NETStandard.Library": {
        "type": "Direct",
        "requested": "[2.0.3, )",
        "resolved": "2.0.3",
        "contentHash": "st47PosZSHrjECdjeIzZQbzivYBJFv6P2nv4cj2ypdI204DO+vZ7l5raGMiX4eXMJ53RfOIg+/s4DHVZ54Nu2A==",
        "dependencies": {
          "Microsoft.NETCore.Platforms": "1.1.0"
        }
      },
      "xunit.core": {
        "type": "Direct",
        "requested": "[2.2.0, )",
        "resolved": "2.2.0",
        "contentHash": "wuGOHofSt4sR/ros6N6S8FI2L9uuP5YsbcxM2kXpcRplMoY1pSgfEZaIRZm3NqDL/JJ/FHEksTEYkvxpc9H4Rw==",
        "dependencies": {
          "xunit.extensibility.core": "[2.2.0]",
          "xunit.extensibility.execution": "[2.2.0]"
        }
      },
      "Microsoft.NETCore.Platforms": {
        "type": "Transitive",
        "resolved": "1.1.0",
        "contentHash": "kz0PEW2lhqygehI/d6XsPCQzD7ff7gUJaVGPVETX611eadGsA3A877GdSlU0LRVMCTH/+P3o2iDTak+S08V2+A=="
      },
      "xunit.abstractions": {
        "type": "Transitive",
        "resolved": "2.0.1",
        "contentHash": "bDm/zdG5rnRDsobKuKwrvL4HccBdC0uvT12be6fG12P3d1U7u9Wkvfoq/PM2GeyIeb0Dtcmm/7k2oaawiqQ2Dg==",
        "dependencies": {
          "NETStandard.Library": "1.6.0"
        }
      },
      "xunit.extensibility.core": {
        "type": "Transitive",
        "resolved": "2.2.0",
        "contentHash": "2bT3sG8obWbRm45NewcV+Sr2K1whj88LnjQT7szJx1DcydgKR86ggV5rIZ5NccCWo2ctZMRb0QMYttVrhrG9Gw==",
        "dependencies": {
          "NETStandard.Library": "1.6.0",
          "xunit.abstractions": "2.0.1"
        }
      },
      "xunit.extensibility.execution": {
        "type": "Transitive",
        "resolved": "2.2.0",
        "contentHash": "4gjTrSUd/F6/pdsMsf+a1f1tcaUQnr59JvZQulmF8VwQbCh34ifie3iqriYyKyLmTQDUEJ/ZTPeZEDh0pxpTLA==",
        "dependencies": {
          "NETStandard.Library": "1.6.0",
          "xunit.extensibility.core": "[2.2.0]"
        }
      }
    }
  }
}