
Microsoft Visual Studio Solution File, Format Version 12.00
# Visual Studio Version 17
VisualStudioVersion = 17.9.34728.123
MinimumVisualStudioVersion = 10.0.40219.1
Project("{9A19103F-16F7-4668-BE54-9A1E7A4F7556}") = "kwld.Xunit.Ordering", "kwld.Xunit.Ordering\kwld.Xunit.Ordering.csproj", "{8AC48687-EA5B-40A4-B781-85DFBB21FE9F}"
EndProject
Project("{9A19103F-16F7-4668-BE54-9A1E7A4F7556}") = "kwld.Xunit.Ordering.Tests", "kwld.Xunit.Ordering.Tests\kwld.Xunit.Ordering.Tests.csproj", "{27AEFA30-2CDB-42A9-A24A-A354D9FF9048}"
EndProject
Project("{2150E333-8FDC-42A3-9474-1A3956D46DE8}") = "Solution Items", "Solution Items", "{0EF3E919-AC6D-4FE2-AAAC-726374A0D42A}"
	ProjectSection(SolutionItems) = preProject
		..\.gitignore = ..\.gitignore
		..\Readme.md = ..\Readme.md
	EndProjectSection
EndProject
Project("{2150E333-8FDC-42A3-9474-1A3956D46DE8}") = "build", "build", "{AEE4FD0E-E8D7-4F75-9B38-3E775BAB530D}"
	ProjectSection(SolutionItems) = preProject
		..\.github\workflows\build.yaml = ..\.github\workflows\build.yaml
	EndProjectSection
EndProject
Global
	GlobalSection(SolutionConfigurationPlatforms) = preSolution
		Debug|Any CPU = Debug|Any CPU
		Release|Any CPU = Release|Any CPU
	EndGlobalSection
	GlobalSection(ProjectConfigurationPlatforms) = postSolution
		{8AC48687-EA5B-40A4-B781-85DFBB21FE9F}.Debug|Any CPU.ActiveCfg = Debug|Any CPU
		{8AC48687-EA5B-40A4-B781-85DFBB21FE9F}.Debug|Any CPU.Build.0 = Debug|Any CPU
		{8AC48687-EA5B-40A4-B781-85DFBB21FE9F}.Release|Any CPU.ActiveCfg = Release|Any CPU
		{8AC48687-EA5B-40A4-B781-85DFBB21FE9F}.Release|Any CPU.Build.0 = Release|Any CPU
		{27AEFA30-2CDB-42A9-A24A-A354D9FF9048}.Debug|Any CPU.ActiveCfg = Debug|Any CPU
		{27AEFA30-2CDB-42A9-A24A-A354D9FF9048}.Debug|Any CPU.Build.0 = Debug|Any CPU
		{27AEFA30-2CDB-42A9-A24A-A354D9FF9048}.Release|Any CPU.ActiveCfg = Release|Any CPU
		{27AEFA30-2CDB-42A9-A24A-A354D9FF9048}.Release|Any CPU.Build.0 = Release|Any CPU
	EndGlobalSection
	GlobalSection(SolutionProperties) = preSolution
		HideSolutionNode = FALSE
	EndGlobalSection
	GlobalSection(ExtensibilityGlobals) = postSolution
		SolutionGuid = {97553F13-4DB4-4D77-9E41-CC0FC780BD47}
	EndGlobalSection
EndGlobal
